// !$*UTF8*$!
{
	archiveVersion = 1;
	classes = {
	};
	objectVersion = 50;
	objects = {

/* Begin PBXBuildFile section */
		A057FE552451D952006254F3 /* AppDelegate.swift in Sources */ = {isa = PBXBuildFile; fileRef = A057FE542451D952006254F3 /* AppDelegate.swift */; };
		A057FE572451D952006254F3 /* SceneDelegate.swift in Sources */ = {isa = PBXBuildFile; fileRef = A057FE562451D952006254F3 /* SceneDelegate.swift */; };
		A057FE5B2451D953006254F3 /* Assets.xcassets in Resources */ = {isa = PBXBuildFile; fileRef = A057FE5A2451D953006254F3 /* Assets.xcassets */; };
		A057FE5E2451D953006254F3 /* Preview Assets.xcassets in Resources */ = {isa = PBXBuildFile; fileRef = A057FE5D2451D953006254F3 /* Preview Assets.xcassets */; };
		A057FE612451D953006254F3 /* LaunchScreen.storyboard in Resources */ = {isa = PBXBuildFile; fileRef = A057FE5F2451D953006254F3 /* LaunchScreen.storyboard */; };
		A057FE712451DBC4006254F3 /* MasterPresenter.swift in Sources */ = {isa = PBXBuildFile; fileRef = A057FE692451DBC3006254F3 /* MasterPresenter.swift */; };
		A057FE732451DBC4006254F3 /* MasterView.swift in Sources */ = {isa = PBXBuildFile; fileRef = A057FE6B2451DBC3006254F3 /* MasterView.swift */; };
		A057FE752451DBC4006254F3 /* DetailView.swift in Sources */ = {isa = PBXBuildFile; fileRef = A057FE6F2451DBC3006254F3 /* DetailView.swift */; };
		A057FE762451DBC4006254F3 /* DetailPresenter.swift in Sources */ = {isa = PBXBuildFile; fileRef = A057FE702451DBC4006254F3 /* DetailPresenter.swift */; };
		A057FE782451DBE7006254F3 /* MasterViewCoordinator.swift in Sources */ = {isa = PBXBuildFile; fileRef = A057FE772451DBE7006254F3 /* MasterViewCoordinator.swift */; };
		A057FE7B2451DC69006254F3 /* DateFormatter.swift in Sources */ = {isa = PBXBuildFile; fileRef = A057FE7A2451DC69006254F3 /* DateFormatter.swift */; };
		A057FE7D2451E9B5006254F3 /* DetailViewCoordinator.swift in Sources */ = {isa = PBXBuildFile; fileRef = A057FE7C2451E9B5006254F3 /* DetailViewCoordinator.swift */; };
		A057FE8424520813006254F3 /* MasterViewModel.swift in Sources */ = {isa = PBXBuildFile; fileRef = A057FE8324520813006254F3 /* MasterViewModel.swift */; };
		A057FE8824520B61006254F3 /* DetailViewModel.swift in Sources */ = {isa = PBXBuildFile; fileRef = A057FE8724520B61006254F3 /* DetailViewModel.swift */; };
		A057FE8A24522D3D006254F3 /* Coordinator.swift in Sources */ = {isa = PBXBuildFile; fileRef = A057FE8924522D3D006254F3 /* Coordinator.swift */; };
		A057FE8C24523254006254F3 /* MasterViewCoordinator+UIKit.swift in Sources */ = {isa = PBXBuildFile; fileRef = A057FE8B24523254006254F3 /* MasterViewCoordinator+UIKit.swift */; };
		A057FE8E245232D3006254F3 /* DetailFactory.swift in Sources */ = {isa = PBXBuildFile; fileRef = A057FE8D245232D3006254F3 /* DetailFactory.swift */; };
		A057FE90245232DA006254F3 /* MasterFactory.swift in Sources */ = {isa = PBXBuildFile; fileRef = A057FE8F245232DA006254F3 /* MasterFactory.swift */; };
		A057FEB624524C32006254F3 /* DetailRedFactory.swift in Sources */ = {isa = PBXBuildFile; fileRef = A057FEB224524C32006254F3 /* DetailRedFactory.swift */; };
		A057FEB724524C32006254F3 /* DetailRedViewModel.swift in Sources */ = {isa = PBXBuildFile; fileRef = A057FEB324524C32006254F3 /* DetailRedViewModel.swift */; };
		A057FEB824524C32006254F3 /* DetailRedView.swift in Sources */ = {isa = PBXBuildFile; fileRef = A057FEB424524C32006254F3 /* DetailRedView.swift */; };
		A057FEB924524C32006254F3 /* DetailRedPresenter.swift in Sources */ = {isa = PBXBuildFile; fileRef = A057FEB524524C32006254F3 /* DetailRedPresenter.swift */; };
		A057FEBB24524D48006254F3 /* DetailRedViewCoordinator.swift in Sources */ = {isa = PBXBuildFile; fileRef = A057FEBA24524D48006254F3 /* DetailRedViewCoordinator.swift */; };
		A057FEBD24525039006254F3 /* ViewModel.swift in Sources */ = {isa = PBXBuildFile; fileRef = A057FEBC24525039006254F3 /* ViewModel.swift */; };
/* End PBXBuildFile section */

/* Begin PBXFileReference section */
		A057FE512451D952006254F3 /* Navigation.app */ = {isa = PBXFileReference; explicitFileType = wrapper.application; includeInIndex = 0; path = Navigation.app; sourceTree = BUILT_PRODUCTS_DIR; };
		A057FE542451D952006254F3 /* AppDelegate.swift */ = {isa = PBXFileReference; lastKnownFileType = sourcecode.swift; path = AppDelegate.swift; sourceTree = "<group>"; };
		A057FE562451D952006254F3 /* SceneDelegate.swift */ = {isa = PBXFileReference; lastKnownFileType = sourcecode.swift; path = SceneDelegate.swift; sourceTree = "<group>"; };
		A057FE5A2451D953006254F3 /* Assets.xcassets */ = {isa = PBXFileReference; lastKnownFileType = folder.assetcatalog; path = Assets.xcassets; sourceTree = "<group>"; };
		A057FE5D2451D953006254F3 /* Preview Assets.xcassets */ = {isa = PBXFileReference; lastKnownFileType = folder.assetcatalog; path = "Preview Assets.xcassets"; sourceTree = "<group>"; };
		A057FE602451D953006254F3 /* Base */ = {isa = PBXFileReference; lastKnownFileType = file.storyboard; name = Base; path = Base.lproj/LaunchScreen.storyboard; sourceTree = "<group>"; };
		A057FE622451D953006254F3 /* Info.plist */ = {isa = PBXFileReference; lastKnownFileType = text.plist.xml; path = Info.plist; sourceTree = "<group>"; };
		A057FE692451DBC3006254F3 /* MasterPresenter.swift */ = {isa = PBXFileReference; fileEncoding = 4; lastKnownFileType = sourcecode.swift; path = MasterPresenter.swift; sourceTree = "<group>"; };
		A057FE6B2451DBC3006254F3 /* MasterView.swift */ = {isa = PBXFileReference; fileEncoding = 4; lastKnownFileType = sourcecode.swift; path = MasterView.swift; sourceTree = "<group>"; };
		A057FE6F2451DBC3006254F3 /* DetailView.swift */ = {isa = PBXFileReference; fileEncoding = 4; lastKnownFileType = sourcecode.swift; path = DetailView.swift; sourceTree = "<group>"; };
		A057FE702451DBC4006254F3 /* DetailPresenter.swift */ = {isa = PBXFileReference; fileEncoding = 4; lastKnownFileType = sourcecode.swift; path = DetailPresenter.swift; sourceTree = "<group>"; };
		A057FE772451DBE7006254F3 /* MasterViewCoordinator.swift */ = {isa = PBXFileReference; fileEncoding = 4; lastKnownFileType = sourcecode.swift; path = MasterViewCoordinator.swift; sourceTree = "<group>"; };
		A057FE7A2451DC69006254F3 /* DateFormatter.swift */ = {isa = PBXFileReference; fileEncoding = 4; lastKnownFileType = sourcecode.swift; path = DateFormatter.swift; sourceTree = "<group>"; };
		A057FE7C2451E9B5006254F3 /* DetailViewCoordinator.swift */ = {isa = PBXFileReference; fileEncoding = 4; lastKnownFileType = sourcecode.swift; path = DetailViewCoordinator.swift; sourceTree = "<group>"; };
		A057FE8324520813006254F3 /* MasterViewModel.swift */ = {isa = PBXFileReference; fileEncoding = 4; lastKnownFileType = sourcecode.swift; path = MasterViewModel.swift; sourceTree = "<group>"; };
		A057FE8724520B61006254F3 /* DetailViewModel.swift */ = {isa = PBXFileReference; fileEncoding = 4; lastKnownFileType = sourcecode.swift; path = DetailViewModel.swift; sourceTree = "<group>"; };
		A057FE8924522D3D006254F3 /* Coordinator.swift */ = {isa = PBXFileReference; fileEncoding = 4; lastKnownFileType = sourcecode.swift; path = Coordinator.swift; sourceTree = "<group>"; };
		A057FE8B24523254006254F3 /* MasterViewCoordinator+UIKit.swift */ = {isa = PBXFileReference; fileEncoding = 4; lastKnownFileType = sourcecode.swift; path = "MasterViewCoordinator+UIKit.swift"; sourceTree = "<group>"; };
		A057FE8D245232D3006254F3 /* DetailFactory.swift */ = {isa = PBXFileReference; fileEncoding = 4; lastKnownFileType = sourcecode.swift; path = DetailFactory.swift; sourceTree = "<group>"; };
		A057FE8F245232DA006254F3 /* MasterFactory.swift */ = {isa = PBXFileReference; fileEncoding = 4; lastKnownFileType = sourcecode.swift; path = MasterFactory.swift; sourceTree = "<group>"; };
		A057FEB224524C32006254F3 /* DetailRedFactory.swift */ = {isa = PBXFileReference; fileEncoding = 4; lastKnownFileType = sourcecode.swift; path = DetailRedFactory.swift; sourceTree = "<group>"; };
		A057FEB324524C32006254F3 /* DetailRedViewModel.swift */ = {isa = PBXFileReference; fileEncoding = 4; lastKnownFileType = sourcecode.swift; path = DetailRedViewModel.swift; sourceTree = "<group>"; };
		A057FEB424524C32006254F3 /* DetailRedView.swift */ = {isa = PBXFileReference; fileEncoding = 4; lastKnownFileType = sourcecode.swift; path = DetailRedView.swift; sourceTree = "<group>"; };
		A057FEB524524C32006254F3 /* DetailRedPresenter.swift */ = {isa = PBXFileReference; fileEncoding = 4; lastKnownFileType = sourcecode.swift; path = DetailRedPresenter.swift; sourceTree = "<group>"; };
		A057FEBA24524D48006254F3 /* DetailRedViewCoordinator.swift */ = {isa = PBXFileReference; fileEncoding = 4; lastKnownFileType = sourcecode.swift; path = DetailRedViewCoordinator.swift; sourceTree = "<group>"; };
		A057FEBC24525039006254F3 /* ViewModel.swift */ = {isa = PBXFileReference; fileEncoding = 4; lastKnownFileType = sourcecode.swift; path = ViewModel.swift; sourceTree = "<group>"; };
/* End PBXFileReference section */

/* Begin PBXFrameworksBuildPhase section */
		A057FE4E2451D952006254F3 /* Frameworks */ = {
			isa = PBXFrameworksBuildPhase;
			buildActionMask = 2147483647;
			files = (
			);
			runOnlyForDeploymentPostprocessing = 0;
		};
/* End PBXFrameworksBuildPhase section */

/* Begin PBXGroup section */
		A057FE482451D952006254F3 = {
			isa = PBXGroup;
			children = (
				A057FE532451D952006254F3 /* Navigation */,
				A057FE522451D952006254F3 /* Products */,
			);
			sourceTree = "<group>";
		};
		A057FE522451D952006254F3 /* Products */ = {
			isa = PBXGroup;
			children = (
				A057FE512451D952006254F3 /* Navigation.app */,
			);
			name = Products;
			sourceTree = "<group>";
		};
		A057FE532451D952006254F3 /* Navigation */ = {
			isa = PBXGroup;
			children = (
				A057FE542451D952006254F3 /* AppDelegate.swift */,
				A057FE562451D952006254F3 /* SceneDelegate.swift */,
				A057FEBC24525039006254F3 /* ViewModel.swift */,
				A057FE6C2451DBC3006254F3 /* Coordinators */,
				A057FE682451DBC3006254F3 /* Master */,
				A057FE6E2451DBC3006254F3 /* Detail */,
				A057FEB124524C32006254F3 /* DetailRed */,
				A057FE792451DC69006254F3 /* Helpers */,
				A057FE5A2451D953006254F3 /* Assets.xcassets */,
				A057FE5F2451D953006254F3 /* LaunchScreen.storyboard */,
				A057FE622451D953006254F3 /* Info.plist */,
				A057FE5C2451D953006254F3 /* Preview Content */,
			);
			path = Navigation;
			sourceTree = "<group>";
		};
		A057FE5C2451D953006254F3 /* Preview Content */ = {
			isa = PBXGroup;
			children = (
				A057FE5D2451D953006254F3 /* Preview Assets.xcassets */,
			);
			path = "Preview Content";
			sourceTree = "<group>";
		};
		A057FE682451DBC3006254F3 /* Master */ = {
			isa = PBXGroup;
			children = (
				A057FE8F245232DA006254F3 /* MasterFactory.swift */,
				A057FE692451DBC3006254F3 /* MasterPresenter.swift */,
				A057FE6B2451DBC3006254F3 /* MasterView.swift */,
				A057FE8324520813006254F3 /* MasterViewModel.swift */,
			);
			path = Master;
			sourceTree = "<group>";
		};
		A057FE6C2451DBC3006254F3 /* Coordinators */ = {
			isa = PBXGroup;
			children = (
				A057FE8924522D3D006254F3 /* Coordinator.swift */,
				A057FE8B24523254006254F3 /* MasterViewCoordinator+UIKit.swift */,
				A057FE772451DBE7006254F3 /* MasterViewCoordinator.swift */,
				A057FE7C2451E9B5006254F3 /* DetailViewCoordinator.swift */,
				A057FEBA24524D48006254F3 /* DetailRedViewCoordinator.swift */,
			);
			path = Coordinators;
			sourceTree = "<group>";
		};
		A057FE6E2451DBC3006254F3 /* Detail */ = {
			isa = PBXGroup;
			children = (
				A057FE8D245232D3006254F3 /* DetailFactory.swift */,
				A057FE702451DBC4006254F3 /* DetailPresenter.swift */,
				A057FE6F2451DBC3006254F3 /* DetailView.swift */,
				A057FE8724520B61006254F3 /* DetailViewModel.swift */,
			);
			path = Detail;
			sourceTree = "<group>";
		};
		A057FE792451DC69006254F3 /* Helpers */ = {
			isa = PBXGroup;
			children = (
				A057FE7A2451DC69006254F3 /* DateFormatter.swift */,
			);
			path = Helpers;
			sourceTree = "<group>";
		};
		A057FEB124524C32006254F3 /* DetailRed */ = {
			isa = PBXGroup;
			children = (
				A057FEB224524C32006254F3 /* DetailRedFactory.swift */,
				A057FEB524524C32006254F3 /* DetailRedPresenter.swift */,
				A057FEB424524C32006254F3 /* DetailRedView.swift */,
				A057FEB324524C32006254F3 /* DetailRedViewModel.swift */,
			);
			path = DetailRed;
			sourceTree = "<group>";
		};
/* End PBXGroup section */

/* Begin PBXNativeTarget section */
		A057FE502451D952006254F3 /* Navigation */ = {
			isa = PBXNativeTarget;
			buildConfigurationList = A057FE652451D953006254F3 /* Build configuration list for PBXNativeTarget "Navigation" */;
			buildPhases = (
				A057FE4D2451D952006254F3 /* Sources */,
				A057FE4E2451D952006254F3 /* Frameworks */,
				A057FE4F2451D952006254F3 /* Resources */,
			);
			buildRules = (
			);
			dependencies = (
			);
			name = Navigation;
			productName = Navigation;
			productReference = A057FE512451D952006254F3 /* Navigation.app */;
			productType = "com.apple.product-type.application";
		};
/* End PBXNativeTarget section */

/* Begin PBXProject section */
		A057FE492451D952006254F3 /* Project object */ = {
			isa = PBXProject;
			attributes = {
				LastSwiftUpdateCheck = 1140;
				LastUpgradeCheck = 1140;
				ORGANIZATIONNAME = "Luis Ascorbe";
				TargetAttributes = {
					A057FE502451D952006254F3 = {
						CreatedOnToolsVersion = 11.4;
					};
				};
			};
			buildConfigurationList = A057FE4C2451D952006254F3 /* Build configuration list for PBXProject "Navigation" */;
			compatibilityVersion = "Xcode 9.3";
			developmentRegion = en;
			hasScannedForEncodings = 0;
			knownRegions = (
				en,
				Base,
			);
			mainGroup = A057FE482451D952006254F3;
			productRefGroup = A057FE522451D952006254F3 /* Products */;
			projectDirPath = "";
			projectRoot = "";
			targets = (
				A057FE502451D952006254F3 /* Navigation */,
			);
		};
/* End PBXProject section */

/* Begin PBXResourcesBuildPhase section */
		A057FE4F2451D952006254F3 /* Resources */ = {
			isa = PBXResourcesBuildPhase;
			buildActionMask = 2147483647;
			files = (
				A057FE612451D953006254F3 /* LaunchScreen.storyboard in Resources */,
				A057FE5E2451D953006254F3 /* Preview Assets.xcassets in Resources */,
				A057FE5B2451D953006254F3 /* Assets.xcassets in Resources */,
			);
			runOnlyForDeploymentPostprocessing = 0;
		};
/* End PBXResourcesBuildPhase section */

/* Begin PBXSourcesBuildPhase section */
		A057FE4D2451D952006254F3 /* Sources */ = {
			isa = PBXSourcesBuildPhase;
			buildActionMask = 2147483647;
			files = (
				A057FE8424520813006254F3 /* MasterViewModel.swift in Sources */,
				A057FE7B2451DC69006254F3 /* DateFormatter.swift in Sources */,
				A057FE732451DBC4006254F3 /* MasterView.swift in Sources */,
				A057FE782451DBE7006254F3 /* MasterViewCoordinator.swift in Sources */,
				A057FE752451DBC4006254F3 /* DetailView.swift in Sources */,
				A057FE7D2451E9B5006254F3 /* DetailViewCoordinator.swift in Sources */,
				A057FE8824520B61006254F3 /* DetailViewModel.swift in Sources */,
				A057FEB624524C32006254F3 /* DetailRedFactory.swift in Sources */,
				A057FE762451DBC4006254F3 /* DetailPresenter.swift in Sources */,
				A057FE8A24522D3D006254F3 /* Coordinator.swift in Sources */,
				A057FE90245232DA006254F3 /* MasterFactory.swift in Sources */,
				A057FE8E245232D3006254F3 /* DetailFactory.swift in Sources */,
				A057FE712451DBC4006254F3 /* MasterPresenter.swift in Sources */,
				A057FEBD24525039006254F3 /* ViewModel.swift in Sources */,
				A057FEB924524C32006254F3 /* DetailRedPresenter.swift in Sources */,
				A057FEB824524C32006254F3 /* DetailRedView.swift in Sources */,
				A057FE552451D952006254F3 /* AppDelegate.swift in Sources */,
				A057FE8C24523254006254F3 /* MasterViewCoordinator+UIKit.swift in Sources */,
				A057FE572451D952006254F3 /* SceneDelegate.swift in Sources */,
				A057FEBB24524D48006254F3 /* DetailRedViewCoordinator.swift in Sources */,
				A057FEB724524C32006254F3 /* DetailRedViewModel.swift in Sources */,
			);
			runOnlyForDeploymentPostprocessing = 0;
		};
/* End PBXSourcesBuildPhase section */

/* Begin PBXVariantGroup section */
		A057FE5F2451D953006254F3 /* LaunchScreen.storyboard */ = {
			isa = PBXVariantGroup;
			children = (
				A057FE602451D953006254F3 /* Base */,
			);
			name = LaunchScreen.storyboard;
			sourceTree = "<group>";
		};
/* End PBXVariantGroup section */

/* Begin XCBuildConfiguration section */
		A057FE632451D953006254F3 /* Debug */ = {
			isa = XCBuildConfiguration;
			buildSettings = {
				ALWAYS_SEARCH_USER_PATHS = NO;
				CLANG_ANALYZER_NONNULL = YES;
				CLANG_ANALYZER_NUMBER_OBJECT_CONVERSION = YES_AGGRESSIVE;
				CLANG_CXX_LANGUAGE_STANDARD = "gnu++14";
				CLANG_CXX_LIBRARY = "libc++";
				CLANG_ENABLE_MODULES = YES;
				CLANG_ENABLE_OBJC_ARC = YES;
				CLANG_ENABLE_OBJC_WEAK = YES;
				CLANG_WARN_BLOCK_CAPTURE_AUTORELEASING = YES;
				CLANG_WARN_BOOL_CONVERSION = YES;
				CLANG_WARN_COMMA = YES;
				CLANG_WARN_CONSTANT_CONVERSION = YES;
				CLANG_WARN_DEPRECATED_OBJC_IMPLEMENTATIONS = YES;
				CLANG_WARN_DIRECT_OBJC_ISA_USAGE = YES_ERROR;
				CLANG_WARN_DOCUMENTATION_COMMENTS = YES;
				CLANG_WARN_EMPTY_BODY = YES;
				CLANG_WARN_ENUM_CONVERSION = YES;
				CLANG_WARN_INFINITE_RECURSION = YES;
				CLANG_WARN_INT_CONVERSION = YES;
				CLANG_WARN_NON_LITERAL_NULL_CONVERSION = YES;
				CLANG_WARN_OBJC_IMPLICIT_RETAIN_SELF = YES;
				CLANG_WARN_OBJC_LITERAL_CONVERSION = YES;
				CLANG_WARN_OBJC_ROOT_CLASS = YES_ERROR;
				CLANG_WARN_RANGE_LOOP_ANALYSIS = YES;
				CLANG_WARN_STRICT_PROTOTYPES = YES;
				CLANG_WARN_SUSPICIOUS_MOVE = YES;
				CLANG_WARN_UNGUARDED_AVAILABILITY = YES_AGGRESSIVE;
				CLANG_WARN_UNREACHABLE_CODE = YES;
				CLANG_WARN__DUPLICATE_METHOD_MATCH = YES;
				COPY_PHASE_STRIP = NO;
				DEBUG_INFORMATION_FORMAT = dwarf;
				ENABLE_STRICT_OBJC_MSGSEND = YES;
				ENABLE_TESTABILITY = YES;
				GCC_C_LANGUAGE_STANDARD = gnu11;
				GCC_DYNAMIC_NO_PIC = NO;
				GCC_NO_COMMON_BLOCKS = YES;
				GCC_OPTIMIZATION_LEVEL = 0;
				GCC_PREPROCESSOR_DEFINITIONS = (
					"DEBUG=1",
					"$(inherited)",
				);
				GCC_WARN_64_TO_32_BIT_CONVERSION = YES;
				GCC_WARN_ABOUT_RETURN_TYPE = YES_ERROR;
				GCC_WARN_UNDECLARED_SELECTOR = YES;
				GCC_WARN_UNINITIALIZED_AUTOS = YES_AGGRESSIVE;
				GCC_WARN_UNUSED_FUNCTION = YES;
				GCC_WARN_UNUSED_VARIABLE = YES;
				IPHONEOS_DEPLOYMENT_TARGET = 13.4;
				MTL_ENABLE_DEBUG_INFO = INCLUDE_SOURCE;
				MTL_FAST_MATH = YES;
				ONLY_ACTIVE_ARCH = YES;
				SDKROOT = iphoneos;
				SWIFT_ACTIVE_COMPILATION_CONDITIONS = DEBUG;
				SWIFT_OPTIMIZATION_LEVEL = "-Onone";
			};
			name = Debug;
		};
		A057FE642451D953006254F3 /* Release */ = {
			isa = XCBuildConfiguration;
			buildSettings = {
				ALWAYS_SEARCH_USER_PATHS = NO;
				CLANG_ANALYZER_NONNULL = YES;
				CLANG_ANALYZER_NUMBER_OBJECT_CONVERSION = YES_AGGRESSIVE;
				CLANG_CXX_LANGUAGE_STANDARD = "gnu++14";
				CLANG_CXX_LIBRARY = "libc++";
				CLANG_ENABLE_MODULES = YES;
				CLANG_ENABLE_OBJC_ARC = YES;
				CLANG_ENABLE_OBJC_WEAK = YES;
				CLANG_WARN_BLOCK_CAPTURE_AUTORELEASING = YES;
				CLANG_WARN_BOOL_CONVERSION = YES;
				CLANG_WARN_COMMA = YES;
				CLANG_WARN_CONSTANT_CONVERSION = YES;
				CLANG_WARN_DEPRECATED_OBJC_IMPLEMENTATIONS = YES;
				CLANG_WARN_DIRECT_OBJC_ISA_USAGE = YES_ERROR;
				CLANG_WARN_DOCUMENTATION_COMMENTS = YES;
				CLANG_WARN_EMPTY_BODY = YES;
				CLANG_WARN_ENUM_CONVERSION = YES;
				CLANG_WARN_INFINITE_RECURSION = YES;
				CLANG_WARN_INT_CONVERSION = YES;
				CLANG_WARN_NON_LITERAL_NULL_CONVERSION = YES;
				CLANG_WARN_OBJC_IMPLICIT_RETAIN_SELF = YES;
				CLANG_WARN_OBJC_LITERAL_CONVERSION = YES;
				CLANG_WARN_OBJC_ROOT_CLASS = YES_ERROR;
				CLANG_WARN_RANGE_LOOP_ANALYSIS = YES;
				CLANG_WARN_STRICT_PROTOTYPES = YES;
				CLANG_WARN_SUSPICIOUS_MOVE = YES;
				CLANG_WARN_UNGUARDED_AVAILABILITY = YES_AGGRESSIVE;
				CLANG_WARN_UNREACHABLE_CODE = YES;
				CLANG_WARN__DUPLICATE_METHOD_MATCH = YES;
				COPY_PHASE_STRIP = NO;
				DEBUG_INFORMATION_FORMAT = "dwarf-with-dsym";
				ENABLE_NS_ASSERTIONS = NO;
				ENABLE_STRICT_OBJC_MSGSEND = YES;
				GCC_C_LANGUAGE_STANDARD = gnu11;
				GCC_NO_COMMON_BLOCKS = YES;
				GCC_WARN_64_TO_32_BIT_CONVERSION = YES;
				GCC_WARN_ABOUT_RETURN_TYPE = YES_ERROR;
				GCC_WARN_UNDECLARED_SELECTOR = YES;
				GCC_WARN_UNINITIALIZED_AUTOS = YES_AGGRESSIVE;
				GCC_WARN_UNUSED_FUNCTION = YES;
				GCC_WARN_UNUSED_VARIABLE = YES;
				IPHONEOS_DEPLOYMENT_TARGET = 13.4;
				MTL_ENABLE_DEBUG_INFO = NO;
				MTL_FAST_MATH = YES;
				SDKROOT = iphoneos;
				SWIFT_COMPILATION_MODE = wholemodule;
				SWIFT_OPTIMIZATION_LEVEL = "-O";
				VALIDATE_PRODUCT = YES;
			};
			name = Release;
		};
		A057FE662451D953006254F3 /* Debug */ = {
			isa = XCBuildConfiguration;
			buildSettings = {
				ASSETCATALOG_COMPILER_APPICON_NAME = AppIcon;
				CODE_SIGN_STYLE = Automatic;
				DEVELOPMENT_ASSET_PATHS = "\"Navigation/Preview Content\"";
				DEVELOPMENT_TEAM = GEJCTZ27CM;
				ENABLE_PREVIEWS = YES;
				INFOPLIST_FILE = Navigation/Info.plist;
				LD_RUNPATH_SEARCH_PATHS = (
					"$(inherited)",
					"@executable_path/Frameworks",
				);
				PRODUCT_BUNDLE_IDENTIFIER = com.lascorbe.Navigation;
				PRODUCT_NAME = "$(TARGET_NAME)";
				SWIFT_VERSION = 5.0;
				TARGETED_DEVICE_FAMILY = "1,2";
			};
			name = Debug;
		};
		A057FE672451D953006254F3 /* Release */ = {
			isa = XCBuildConfiguration;
			buildSettings = {
				ASSETCATALOG_COMPILER_APPICON_NAME = AppIcon;
				CODE_SIGN_STYLE = Automatic;
				DEVELOPMENT_ASSET_PATHS = "\"Navigation/Preview Content\"";
				DEVELOPMENT_TEAM = GEJCTZ27CM;
				ENABLE_PREVIEWS = YES;
				INFOPLIST_FILE = Navigation/Info.plist;
				LD_RUNPATH_SEARCH_PATHS = (
					"$(inherited)",
					"@executable_path/Frameworks",
				);
				PRODUCT_BUNDLE_IDENTIFIER = com.lascorbe.Navigation;
				PRODUCT_NAME = "$(TARGET_NAME)";
				SWIFT_VERSION = 5.0;
				TARGETED_DEVICE_FAMILY = "1,2";
			};
			name = Release;
		};
/* End XCBuildConfiguration section */

/* Begin XCConfigurationList section */
		A057FE4C2451D952006254F3 /* Build configuration list for PBXProject "Navigation" */ = {
			isa = XCConfigurationList;
			buildConfigurations = (
				A057FE632451D953006254F3 /* Debug */,
				A057FE642451D953006254F3 /* Release */,
			);
			defaultConfigurationIsVisible = 0;
			defaultConfigurationName = Release;
		};
		A057FE652451D953006254F3 /* Build configuration list for PBXNativeTarget "Navigation" */ = {
			isa = XCConfigurationList;
			buildConfigurations = (
				A057FE662451D953006254F3 /* Debug */,
				A057FE672451D953006254F3 /* Release */,
			);
			defaultConfigurationIsVisible = 0;
			defaultConfigurationName = Release;
		};
/* End XCConfigurationList section */
	};
	rootObject = A057FE492451D952006254F3 /* Project object */;
}
